
Microsoft Visual Studio Solution File, Format Version 12.00
# Visual Studio 14
VisualStudioVersion = 14.0.25420.1
MinimumVisualStudioVersion = 10.0.40219.1
Project("{151D2E53-A2C4-4D7D-83FE-D05416EBD58E}") = "ExecuteSomething", "ExecuteSomething\ExecuteSomething.deployproj", "{DA97F4AC-7214-4586-A8FC-E335A9524977}"
EndProject
Global
	GlobalSection(SolutionConfigurationPlatforms) = preSolution
		Debug|Any CPU = Debug|Any CPU
		Release|Any CPU = Release|Any CPU
	EndGlobalSection
	GlobalSection(ProjectConfigurationPlatforms) = postSolution
		{DA97F4AC-7214-4586-A8FC-E335A9524977}.Debug|Any CPU.ActiveCfg = Debug|Any CPU
		{DA97F4AC-7214-4586-A8FC-E335A9524977}.Debug|Any CPU.Build.0 = Debug|Any CPU
		{DA97F4AC-7214-4586-A8FC-E335A9524977}.Release|Any CPU.ActiveCfg = Release|Any CPU
		{DA97F4AC-7214-4586-A8FC-E335A9524977}.Release|Any CPU.Build.0 = Release|Any CPU
	EndGlobalSection
	GlobalSection(SolutionProperties) = preSolution
		HideSolutionNode = FALSE
	EndGlobalSection
EndGlobal
